{
  "name": "ODataV4Tutorial",
  "version": "1.0.0",
  "lockfileVersion": 3,
  "requires": true,
  "packages": {
    "": {
      "name": "ODataV4Tutorial",
      "version": "1.0.0",
      "dependencies": {
        "@openui5/sap.f": "^1",
        "@openui5/sap.m": "^1",
        "@openui5/sap.ui.core": "^1",
        "@openui5/sap.ui.layout": "^1",
        "@openui5/themelib_sap_belize": "^1"
      }
    },
    "node_modules/@openui5/sap.f": {
      "version": "1.110.0",
      "resolved": "https://registry.npmjs.org/@openui5/sap.f/-/sap.f-1.110.0.tgz",
      "integrity": "sha512-ivb2SWdwdBIrnA6qOfByAP7rZa9EbPNzmd8notr87SvgJQ5Tvy7lrJTqM8W8Ti0jgH3dfTyitvHOZdwb+AlAIw==",
      "dependencies": {
        "@openui5/sap.m": "1.110.0",
        "@openui5/sap.ui.core": "1.110.0",
        "@openui5/sap.ui.layout": "1.110.0"
      }
    },
    "node_modules/@openui5/sap.m": {
      "version": "1.110.0",
      "resolved": "https://registry.npmjs.org/@openui5/sap.m/-/sap.m-1.110.0.tgz",
      "integrity": "sha512-QEfmd4PeyQZMpeZ2VkspBhH2MxZNB1dT7MGrcP/FsPAS+sovIk1K5vyIijbfsfwg+eYoITpjRj0HRAi3XC81tg==",
      "dependencies": {
        "@openui5/sap.ui.core": "1.110.0",
        "@openui5/sap.ui.layout": "1.110.0",
        "@openui5/sap.ui.unified": "1.110.0"
      }
    },
    "node_modules/@openui5/sap.ui.core": {
      "version": "1.110.0",
      "resolved": "https://registry.npmjs.org/@openui5/sap.ui.core/-/sap.ui.core-1.110.0.tgz",
      "integrity": "sha512-msCW9OYg8G+Izx/ISe6VlyRmwGWkqm1MjMiZVrF60gIBj5MPxQzoyb+8Jz8ifINQH1hJipNodJpk73MZpMDnNw=="
    },
    "node_modules/@openui5/sap.ui.layout": {
      "version": "1.110.0",
      "resolved": "https://registry.npmjs.org/@openui5/sap.ui.layout/-/sap.ui.layout-1.110.0.tgz",
      "integrity": "sha512-5fxqyggiZAxuWhhh/tVqPE0TwvY9I6qe6NjhKDyKbinuLczk2wvMDfDja98TnZgTuctKIFM81wxRTs5kky4QNg==",
      "dependencies": {
        "@openui5/sap.ui.core": "1.110.0"
      }
    },
    "node_modules/@openui5/sap.ui.unified": {
      "version": "1.110.0",
      "resolved": "https://registry.npmjs.org/@openui5/sap.ui.unified/-/sap.ui.unified-1.110.0.tgz",
      "integrity": "sha512-Za1I/7pnduvKNdMRKZSB3OIn3GI3jnkgD2RYsyUjeR9dYt/9uP0Aq64/jpuT+ji77eL9zcDwsYeGu0og7y0f5w==",
      "dependencies": {
        "@openui5/sap.ui.core": "1.110.0"
      }
    },
    "node_modules/@openui5/themelib_sap_belize": {
      "version": "1.110.0",
      "resolved": "https://registry.npmjs.org/@openui5/themelib_sap_belize/-/themelib_sap_belize-1.110.0.tgz",
      "integrity": "sha512-IoOjFd2OV9UxpR+uubRpFYOf2+Hd8ARTD4PkrZc/cQfTl05sEBbitns1GVYlIgUKzaSjfAVqpJ7K9PGv2xtpwg=="
    }
  }
}
